
Microsoft Visual Studio Solution File, Format Version 12.00
# Visual Studio Version 17
VisualStudioVersion = 17.10.35013.160
MinimumVisualStudioVersion = 10.0.40219.1
Project("{FAE04EC0-301F-11D3-BF4B-00C04F79EFBC}") = "ApiCatalogo", "ApiCatalogo\ApiCatalogo.csproj", "{594DBDD3-EA7B-4D8B-ABBC-4DD5321CA74A}"
EndProject
Global
	GlobalSection(SolutionConfigurationPlatforms) = preSolution
		Debug|Any CPU = Debug|Any CPU
		Release|Any CPU = Release|Any CPU
	EndGlobalSection
	GlobalSection(ProjectConfigurationPlatforms) = postSolution
		{594DBDD3-EA7B-4D8B-ABBC-4DD5321CA74A}.Debug|Any CPU.ActiveCfg = Debug|Any CPU
		{594DBDD3-EA7B-4D8B-ABBC-4DD5321CA74A}.Debug|Any CPU.Build.0 = Debug|Any CPU
		{594DBDD3-EA7B-4D8B-ABBC-4DD5321CA74A}.Release|Any CPU.ActiveCfg = Release|Any CPU
		{594DBDD3-EA7B-4D8B-ABBC-4DD5321CA74A}.Release|Any CPU.Build.0 = Release|Any CPU
	EndGlobalSection
	GlobalSection(SolutionProperties) = preSolution
		HideSolutionNode = FALSE
	EndGlobalSection
	GlobalSection(ExtensibilityGlobals) = postSolution
		SolutionGuid = {F1B183AE-93F8-4741-AD1D-ABDBFDD2CE08}
	EndGlobalSection
EndGlobal
